
Microsoft Visual Studio Solution File, Format Version 12.00
# Visual Studio 15
VisualStudioVersion = 15.0.27004.2009
MinimumVisualStudioVersion = 10.0.40219.1
Project("{FAE04EC0-301F-11D3-BF4B-00C04F79EFBC}") = "AutomationDotCom", "CSharp-AutomationDotCom\AutomationDotCom.csproj", "{5CBB17BF-534E-4D02-8D41-83F6CABC0810}"
EndProject
Global
	GlobalSection(SolutionConfigurationPlatforms) = preSolution
		Debug|Any CPU = Debug|Any CPU
		Release|Any CPU = Release|Any CPU
	EndGlobalSection
	GlobalSection(ProjectConfigurationPlatforms) = postSolution
		{5CBB17BF-534E-4D02-8D41-83F6CABC0810}.Debug|Any CPU.ActiveCfg = Debug|Any CPU
		{5CBB17BF-534E-4D02-8D41-83F6CABC0810}.Debug|Any CPU.Build.0 = Debug|Any CPU
		{5CBB17BF-534E-4D02-8D41-83F6CABC0810}.Release|Any CPU.ActiveCfg = Release|Any CPU
		{5CBB17BF-534E-4D02-8D41-83F6CABC0810}.Release|Any CPU.Build.0 = Release|Any CPU
	EndGlobalSection
	GlobalSection(SolutionProperties) = preSolution
		HideSolutionNode = FALSE
	EndGlobalSection
	GlobalSection(ExtensibilityGlobals) = postSolution
		SolutionGuid = {CCED19A9-9C23-43DD-9FAA-5C98CBBF1F60}
	EndGlobalSection
EndGlobal
